
Microsoft Visual Studio Solution File, Format Version 12.00
# Visual Studio Version 16
VisualStudioVersion = 16.0.30804.86
MinimumVisualStudioVersion = 10.0.40219.1
Project("{FAE04EC0-301F-11D3-BF4B-00C04F79EFBC}") = "ClassMetotDemo", "ClassMetotDemo.csproj", "{3D094E34-DE32-4801-80BC-9ED6D2BE4537}"
EndProject
Global
	GlobalSection(SolutionConfigurationPlatforms) = preSolution
		Debug|Any CPU = Debug|Any CPU
		Release|Any CPU = Release|Any CPU
	EndGlobalSection
	GlobalSection(ProjectConfigurationPlatforms) = postSolution
		{3D094E34-DE32-4801-80BC-9ED6D2BE4537}.Debug|Any CPU.ActiveCfg = Debug|Any CPU
		{3D094E34-DE32-4801-80BC-9ED6D2BE4537}.Debug|Any CPU.Build.0 = Debug|Any CPU
		{3D094E34-DE32-4801-80BC-9ED6D2BE4537}.Release|Any CPU.ActiveCfg = Release|Any CPU
		{3D094E34-DE32-4801-80BC-9ED6D2BE4537}.Release|Any CPU.Build.0 = Release|Any CPU
	EndGlobalSection
	GlobalSection(SolutionProperties) = preSolution
		HideSolutionNode = FALSE
	EndGlobalSection
	GlobalSection(ExtensibilityGlobals) = postSolution
		SolutionGuid = {BA6EBF3C-D450-4E52-B944-3B44A351E80B}
	EndGlobalSection
EndGlobal
